{
  "version": 1,
  "dependencies": {
    "net10.0": {
      "JYPPX.DeploySharp.Backend.OnnxRuntime": {
        "type": "Direct",
        "requested": "[2.0.0-alpha.1, )",
        "resolved": "2.0.0-alpha.1",
        "contentHash": "M59AF8uSC1uaGaL2LlzMKiz+eGDeTh0j5eThdc7hYpxH4AFPvJ7dBR3SHtMW7xBlY3B54R1o2kP8ve7xvpzh5A==",
        "dependencies": {
          "JYPPX.DeploySharp.Core": "2.0.0-alpha.1",
          "Microsoft.ML.OnnxRuntime.Managed": "1.28.0"
        }
      },
      "JYPPX.DeploySharp.Core": {
        "type": "Direct",
        "requested": "[2.0.0-alpha.1, )",
        "resolved": "2.0.0-alpha.1",
        "contentHash": "3a3rlcA3erOscVXBhjsiYawDEt++L4rFwf1pxuLz1bKEQpL/Xloi1TKD53CQyTBhzDEzQV/ULwExQSa0icrTog=="
      },
      "JYPPX.DeploySharp.Visual": {
        "type": "Direct",
        "requested": "[2.0.0-alpha.1, )",
        "resolved": "2.0.0-alpha.1",
        "contentHash": "ewwn0Szssfokrl7oticYvt20bMdaJe2HJBGzyvZsCf7RYto1naHowB6yOFiz524Xb3tFQbvNAjQqnrn6WgZ9UQ==",
        "dependencies": {
          "JYPPX.DeploySharp.Core": "2.0.0-alpha.1"
        }
      },
      "JYPPX.DeploySharp.Visual.OpenCV": {
        "type": "Direct",
        "requested": "[2.0.0-alpha.1, )",
        "resolved": "2.0.0-alpha.1",
        "contentHash": "T22CaDoIhNMeJ/s4Rc7QdbBRM+faJTad2p7qKpZ3hDzyzmnaP5VzKG6voYsz1IbN5FrpucnO+bef73k7JePPog==",
        "dependencies": {
          "JYPPX.DeploySharp.Visual": "2.0.0-alpha.1",
          "JYPPX.OpenCV.CSharp.API": "5.0.0-preview.1"
        }
      },
      "JYPPX.OpenCV.runtime.win-x64": {
        "type": "Direct",
        "requested": "[5.0.0-preview.1, )",
        "resolved": "5.0.0-preview.1",
        "contentHash": "D9mgLHo8OQQKM2ZbRF8+6AUzT+iX9N/PwVwvLnaKq2mGvPHqfjerTZcM94qNYWIwTazK9qbvq+Y/Uf47HV0qQg=="
      },
      "Microsoft.ML.OnnxRuntime": {
        "type": "Direct",
        "requested": "[1.28.0, )",
        "resolved": "1.28.0",
        "contentHash": "J2D5+bIJ6QixcIfnjDG2GcXv80PoIKL0EKABjHEKKCPZmF2oBKkOF53DolGq/dTrE2kyLv12Yhc37NvQuqBhqA==",
        "dependencies": {
          "Microsoft.ML.OnnxRuntime.Managed": "1.28.0"
        }
      },
      "JYPPX.OpenCV.CSharp.API": {
        "type": "Transitive",
        "resolved": "5.0.0-preview.1",
        "contentHash": "I4xPPJAgCUPcdRxNwyt0aM1mNJ6q+W/k0oC4O8cyZKYk4zRJ5nU2Ni2qwk74l/G4adQ2WvqtlA6YeU31G8vR7g=="
      },
      "Microsoft.ML.OnnxRuntime.Managed": {
        "type": "Transitive",
        "resolved": "1.28.0",
        "contentHash": "AlMFEWcFBVc8x6Gl/NBewK2MFTSY/pOT0SxBMIEbPhtxRcPNicRonSLepnWrkEjvOA+iYL7Mn64DUxxEMVSVdw==",
        "dependencies": {
          "System.Numerics.Tensors": "9.0.0"
        }
      },
      "System.Numerics.Tensors": {
        "type": "Transitive",
        "resolved": "9.0.0",
        "contentHash": "iGExaDuWc1j+ogTZeKpPz2Q1hyB05KJm1fKCk4hUwCb+J/uvtdaS2OSNLjYVcpxC1wA+eG0QrSRda7hDjwwenQ=="
      }
    }
  }
}