{
  "version": 2,
  "dependencies": {
    "net8.0": {
      "Google.Protobuf": {
        "type": "Transitive",
        "resolved": "3.30.2",
        "contentHash": "Y2aOVLIt75yeeEWigg9V9YnjsEm53sADtLGq0gLhwaXpk3iu8tYSoauolyhenagA2sWno2TQ2WujI0HQd6s1Vw=="
      },
      "JYPPX.DeploySharp.Backend.TensorRT": {
        "type": "Project",
        "dependencies": {
          "JYPPX.DeploySharp.Core": "[2.0.0-alpha.1, )",
          "JYPPX.DeploySharp.Extensibility": "[2.0.0-alpha.1, )",
          "JYPPX.TensorRT.CSharp.API": "[4.0.0, )",
          "OnnxSharp": "[0.3.2, )"
        }
      },
      "JYPPX.DeploySharp.Core": {
        "type": "Project"
      },
      "JYPPX.DeploySharp.Extensibility": {
        "type": "Project",
        "dependencies": {
          "JYPPX.DeploySharp.Core": "[2.0.0-alpha.1, )"
        }
      },
      "JYPPX.DeploySharp.Visual": {
        "type": "Project",
        "dependencies": {
          "JYPPX.DeploySharp.Core": "[2.0.0-alpha.1, )",
          "Microsoft.ML.Tokenizers": "[2.0.0, )"
        }
      },
      "JYPPX.DeploySharp.Visual.OpenCV": {
        "type": "Project",
        "dependencies": {
          "JYPPX.DeploySharp.Visual": "[2.0.0-alpha.1, )",
          "JYPPX.OpenCV.CSharp.API": "[5.0.0-preview.1, )"
        }
      },
      "JYPPX.OpenCV.CSharp.API": {
        "type": "CentralTransitive",
        "requested": "[5.0.0-preview.1, )",
        "resolved": "5.0.0-preview.1",
        "contentHash": "ZXO9o02RI5PwYLlUukg4dgLrxdQn9unXCPx0MOg0jOtziHJIAYaJkoNfHL7aih6qO0++jt1zYLvWFQgedlTTkw=="
      },
      "JYPPX.TensorRT.CSharp.API": {
        "type": "CentralTransitive",
        "requested": "[4.0.0, )",
        "resolved": "4.0.0",
        "contentHash": "jJeYAI80eoneM1uqQrxeCtxf0OaxbHwG6jnSXAa1Bz3AQunsyPWWNPIEQs4M8lu5E8hjgzQ1hy6nJU3ktjYrow=="
      },
      "Microsoft.ML.Tokenizers": {
        "type": "CentralTransitive",
        "requested": "[2.0.0, )",
        "resolved": "2.0.0",
        "contentHash": "+b8lT4cLLO/sBR2hjvE/qG6qrZG15h7/PBvnIrzTh4xDaAxdHUY6449rC+1pHzQUsBiCHZVbj+VMn+xS0sL7TA==",
        "dependencies": {
          "Google.Protobuf": "3.30.2"
        }
      },
      "OnnxSharp": {
        "type": "CentralTransitive",
        "requested": "[0.3.2, )",
        "resolved": "0.3.2",
        "contentHash": "zXoFIRPxxW1hUnte/o4am/cjSBWi2WC1aD7Ppc2LOFE3P/CURMWk2Ni6gY4x0fO9yT5oZTnntBI7KFIbmhpsKw==",
        "dependencies": {
          "Google.Protobuf": "3.29.3"
        }
      }
    }
  }
}