{
  "version": 2,
  "dependencies": {
    "net8.0": {
      "JYPPX.OpenCV.runtime.win-x64": {
        "type": "Direct",
        "requested": "[5.0.0-preview.1, )",
        "resolved": "5.0.0-preview.1",
        "contentHash": "2I4TcBgId4eo1bZbaMZwJ0KYsiQOJVnBwFoTnN5xanqpUi8DO1aVXGW2Koe0uH1B/l7g1FHARsabaVQum4IH4g=="
      },
      "Microsoft.ML.OnnxRuntime": {
        "type": "Direct",
        "requested": "[1.28.0, )",
        "resolved": "1.28.0",
        "contentHash": "xpguSCrXBe5E1l1088S7UqnI36EHaTL6CJMHEhwfGBoSwyPH5Q/IkbkBBk/GwXWzsVyEXpQm42ZimSAQs0/zKA==",
        "dependencies": {
          "Microsoft.ML.OnnxRuntime.Managed": "1.28.0"
        }
      },
      "OpenVINO.runtime.win": {
        "type": "Direct",
        "requested": "[2026.2.1, )",
        "resolved": "2026.2.1",
        "contentHash": "PcijWITG5Ph/pCfS15vgRriDX6x3lpQ1xliRCkuvcDRQ+o2yX7qXGH+CdYtC+wgkCvAaJZSuqIfw2CMSz/w8vw=="
      },
      "Google.Protobuf": {
        "type": "Transitive",
        "resolved": "3.29.3",
        "contentHash": "t7nZFFUFwigCwZ+nIXHDLweXvwIpsOXi+P7J7smPT/QjI3EKxnCzTQOhBqyEh6XEzc/pNH+bCFOOSjatrPt6Tw=="
      },
      "System.Memory": {
        "type": "Transitive",
        "resolved": "4.5.5",
        "contentHash": "XIWiDvKPXaTveaB7HVganDlOCRoj03l+jrwNvcge/t8vhGYKvqV+dMv6G4SAX2NoNmN0wZfVPTAlFwZcZvVOUw=="
      },
      "System.Numerics.Tensors": {
        "type": "Transitive",
        "resolved": "9.0.0",
        "contentHash": "hyJB4UlpAi19Xr9AXzu2NuagKC4lPfHObNMEAA0HmqFz2rX7wKgzeYzO/jM/eBHDhnUGFFEjk5cOoJaxqg5J4A=="
      },
      "JYPPX.DeploySharp.Backend.OnnxRuntime": {
        "type": "Project",
        "dependencies": {
          "JYPPX.DeploySharp.Core": "[2.0.0-alpha.1, )",
          "JYPPX.DeploySharp.Extensibility": "[2.0.0-alpha.1, )",
          "Microsoft.ML.OnnxRuntime.Managed": "[1.28.0, )"
        }
      },
      "JYPPX.DeploySharp.Backend.OpenCV": {
        "type": "Project",
        "dependencies": {
          "JYPPX.DeploySharp.Core": "[2.0.0-alpha.1, )",
          "JYPPX.DeploySharp.Extensibility": "[2.0.0-alpha.1, )",
          "JYPPX.OpenCV.CSharp.API": "[5.0.0-preview.1, )",
          "OnnxSharp": "[0.3.2, )"
        }
      },
      "JYPPX.DeploySharp.Backend.OpenVINO": {
        "type": "Project",
        "dependencies": {
          "JYPPX.DeploySharp.Core": "[2.0.0-alpha.1, )",
          "JYPPX.DeploySharp.Extensibility": "[2.0.0-alpha.1, )",
          "JYPPX.OpenVINO.CSharp.API": "[3.3.1, )"
        }
      },
      "JYPPX.DeploySharp.Core": {
        "type": "Project"
      },
      "JYPPX.DeploySharp.Extensibility": {
        "type": "Project",
        "dependencies": {
          "JYPPX.DeploySharp.Core": "[2.0.0-alpha.1, )"
        }
      },
      "JYPPX.OpenCV.CSharp.API": {
        "type": "CentralTransitive",
        "requested": "[5.0.0-preview.1, )",
        "resolved": "5.0.0-preview.1",
        "contentHash": "ZXO9o02RI5PwYLlUukg4dgLrxdQn9unXCPx0MOg0jOtziHJIAYaJkoNfHL7aih6qO0++jt1zYLvWFQgedlTTkw=="
      },
      "JYPPX.OpenVINO.CSharp.API": {
        "type": "CentralTransitive",
        "requested": "[3.3.1, )",
        "resolved": "3.3.1",
        "contentHash": "OzAtSANdpjjcAGSMwxRaes8XSr43x6AJWolTxOdIumZusjoslU5XLoKO4Sfu02WPbT62z8v3uZF4op34N2gGGw=="
      },
      "Microsoft.ML.OnnxRuntime.Managed": {
        "type": "CentralTransitive",
        "requested": "[1.28.0, )",
        "resolved": "1.28.0",
        "contentHash": "4ecKjwASHhAZXczK/xm5KU6MdvoIGfMd23UAwDbM9vfcfgqZgNqvFWPZPT0Elc1wu5vXWs2Kij1ZBmHCcv1UlA==",
        "dependencies": {
          "System.Memory": "4.5.5",
          "System.Numerics.Tensors": "9.0.0"
        }
      },
      "OnnxSharp": {
        "type": "CentralTransitive",
        "requested": "[0.3.2, )",
        "resolved": "0.3.2",
        "contentHash": "zXoFIRPxxW1hUnte/o4am/cjSBWi2WC1aD7Ppc2LOFE3P/CURMWk2Ni6gY4x0fO9yT5oZTnntBI7KFIbmhpsKw==",
        "dependencies": {
          "Google.Protobuf": "3.29.3"
        }
      }
    }
  }
}