{
  "version": 2,
  "dependencies": {
    "net8.0": {
      "JYPPX.OpenCV.runtime.win-x64": {
        "type": "Direct",
        "requested": "[5.0.0-preview.1, )",
        "resolved": "5.0.0-preview.1",
        "contentHash": "2I4TcBgId4eo1bZbaMZwJ0KYsiQOJVnBwFoTnN5xanqpUi8DO1aVXGW2Koe0uH1B/l7g1FHARsabaVQum4IH4g=="
      },
      "Microsoft.ML.OnnxRuntime": {
        "type": "Direct",
        "requested": "[1.28.0, )",
        "resolved": "1.28.0",
        "contentHash": "xpguSCrXBe5E1l1088S7UqnI36EHaTL6CJMHEhwfGBoSwyPH5Q/IkbkBBk/GwXWzsVyEXpQm42ZimSAQs0/zKA==",
        "dependencies": {
          "Microsoft.ML.OnnxRuntime.Managed": "1.28.0"
        }
      },
      "OpenVINO.runtime.win": {
        "type": "Direct",
        "requested": "[2026.2.1, )",
        "resolved": "2026.2.1",
        "contentHash": "PcijWITG5Ph/pCfS15vgRriDX6x3lpQ1xliRCkuvcDRQ+o2yX7qXGH+CdYtC+wgkCvAaJZSuqIfw2CMSz/w8vw=="
      },
      "System.Memory": {
        "type": "Transitive",
        "resolved": "4.5.5",
        "contentHash": "XIWiDvKPXaTveaB7HVganDlOCRoj03l+jrwNvcge/t8vhGYKvqV+dMv6G4SAX2NoNmN0wZfVPTAlFwZcZvVOUw=="
      },
      "System.Numerics.Tensors": {
        "type": "Transitive",
        "resolved": "9.0.0",
        "contentHash": "hyJB4UlpAi19Xr9AXzu2NuagKC4lPfHObNMEAA0HmqFz2rX7wKgzeYzO/jM/eBHDhnUGFFEjk5cOoJaxqg5J4A=="
      },
      "JYPPX.DeploySharp.Backend.OnnxRuntime": {
        "type": "Project",
        "dependencies": {
          "JYPPX.DeploySharp.Core": "[2.0.0-alpha.1, )",
          "Microsoft.ML.OnnxRuntime.Managed": "[1.28.0, )"
        }
      },
      "JYPPX.DeploySharp.Backend.OpenCV": {
        "type": "Project",
        "dependencies": {
          "JYPPX.DeploySharp.Core": "[2.0.0-alpha.1, )",
          "JYPPX.OpenCV.CSharp.API": "[5.0.0-preview.1, )"
        }
      },
      "JYPPX.DeploySharp.Backend.OpenVINO": {
        "type": "Project",
        "dependencies": {
          "JYPPX.DeploySharp.Core": "[2.0.0-alpha.1, )",
          "JYPPX.OpenVINO.CSharp.API": "[3.3.0, )"
        }
      },
      "JYPPX.DeploySharp.Core": {
        "type": "Project"
      },
      "JYPPX.OpenCV.CSharp.API": {
        "type": "CentralTransitive",
        "requested": "[5.0.0-preview.1, )",
        "resolved": "5.0.0-preview.1",
        "contentHash": "ZXO9o02RI5PwYLlUukg4dgLrxdQn9unXCPx0MOg0jOtziHJIAYaJkoNfHL7aih6qO0++jt1zYLvWFQgedlTTkw=="
      },
      "JYPPX.OpenVINO.CSharp.API": {
        "type": "CentralTransitive",
        "requested": "[3.3.0, )",
        "resolved": "3.3.0",
        "contentHash": "aAiKwd7O+HE3Qq6O3dyq819KktSl/F9J7cNenxVgo8XDozh7fgyCnDAsSXOKARD0Np9wLjCHHexUIhv6PUKHWg=="
      },
      "Microsoft.ML.OnnxRuntime.Managed": {
        "type": "CentralTransitive",
        "requested": "[1.28.0, )",
        "resolved": "1.28.0",
        "contentHash": "4ecKjwASHhAZXczK/xm5KU6MdvoIGfMd23UAwDbM9vfcfgqZgNqvFWPZPT0Elc1wu5vXWs2Kij1ZBmHCcv1UlA==",
        "dependencies": {
          "System.Memory": "4.5.5",
          "System.Numerics.Tensors": "9.0.0"
        }
      }
    }
  }
}