
Microsoft Visual Studio Solution File, Format Version 12.00
# Visual Studio Version 17
VisualStudioVersion = 17.12.35707.178
MinimumVisualStudioVersion = 10.0.40219.1
Project("{2150E333-8FDC-42A3-9474-1A3956D46DE8}") = "src", "src", "{A8B06B6A-ACAC-49D7-A658-9E019B6DE3AE}"
EndProject
Project("{FAE04EC0-301F-11D3-BF4B-00C04F79EFBC}") = "DeploySharp", "src\DeploySharp\DeploySharp.csproj", "{B64BE2B6-DCC7-427C-B804-7A0B3AB559DE}"
EndProject
Project("{FAE04EC0-301F-11D3-BF4B-00C04F79EFBC}") = "DeploySharp.ImageSharp", "src\DeploySharp.ImageSharp\DeploySharp.ImageSharp.csproj", "{7A64A56D-4FE2-49B2-9A39-9DE5202EC072}"
EndProject
Project("{FAE04EC0-301F-11D3-BF4B-00C04F79EFBC}") = "DeploySharp.OpenCvSharp", "src\DeploySharp.OpenCvSharp\DeploySharp.OpenCvSharp.csproj", "{BF3D4FBD-5BC1-4B28-A484-0240DD465C2F}"
EndProject
Project("{2150E333-8FDC-42A3-9474-1A3956D46DE8}") = "demos", "demos", "{AB66CDF5-7A91-4B92-AF92-E65AECF3C6D5}"
EndProject
Project("{FAE04EC0-301F-11D3-BF4B-00C04F79EFBC}") = "DeploySharp.ImageSharp.Pipeline.Demo", "demos\DeploySharp.ImageSharp.Pipeline.Demo\DeploySharp.ImageSharp.Pipeline.Demo.csproj", "{A386D68A-5E60-4DFF-9A89-B843A8FD0085}"
EndProject
Project("{FAE04EC0-301F-11D3-BF4B-00C04F79EFBC}") = "DeploySharp.OpenCvSharp.Pipeline.Demo", "demos\DeploySharp.OpenCvSharp.Pipeline.Demo\DeploySharp.OpenCvSharp.Pipeline.Demo.csproj", "{936CB93B-680D-45D3-B2B2-C1F087C93309}"
EndProject
Project("{FAE04EC0-301F-11D3-BF4B-00C04F79EFBC}") = "DeploySharp.OpenCvSharp.Demo", "demos\DeploySharp.OpenCvSharp.Demo\DeploySharp.OpenCvSharp.Demo.csproj", "{CC71CB64-D55C-4BED-8599-5073F43C479A}"
EndProject
Project("{FAE04EC0-301F-11D3-BF4B-00C04F79EFBC}") = "DeploySharp.ImageSharp.Demo", "demos\DeploySharp.ImageSharp.Demo\DeploySharp.ImageSharp.Demo.csproj", "{986F2626-B30E-443C-A5FE-99D12702C99F}"
EndProject
Global
	GlobalSection(SolutionConfigurationPlatforms) = preSolution
		Debug|Any CPU = Debug|Any CPU
		Release|Any CPU = Release|Any CPU
	EndGlobalSection
	GlobalSection(ProjectConfigurationPlatforms) = postSolution
		{B64BE2B6-DCC7-427C-B804-7A0B3AB559DE}.Debug|Any CPU.ActiveCfg = Debug|Any CPU
		{B64BE2B6-DCC7-427C-B804-7A0B3AB559DE}.Debug|Any CPU.Build.0 = Debug|Any CPU
		{B64BE2B6-DCC7-427C-B804-7A0B3AB559DE}.Release|Any CPU.ActiveCfg = Release|Any CPU
		{B64BE2B6-DCC7-427C-B804-7A0B3AB559DE}.Release|Any CPU.Build.0 = Release|Any CPU
		{7A64A56D-4FE2-49B2-9A39-9DE5202EC072}.Debug|Any CPU.ActiveCfg = Debug|Any CPU
		{7A64A56D-4FE2-49B2-9A39-9DE5202EC072}.Debug|Any CPU.Build.0 = Debug|Any CPU
		{7A64A56D-4FE2-49B2-9A39-9DE5202EC072}.Release|Any CPU.ActiveCfg = Release|Any CPU
		{7A64A56D-4FE2-49B2-9A39-9DE5202EC072}.Release|Any CPU.Build.0 = Release|Any CPU
		{BF3D4FBD-5BC1-4B28-A484-0240DD465C2F}.Debug|Any CPU.ActiveCfg = Debug|Any CPU
		{BF3D4FBD-5BC1-4B28-A484-0240DD465C2F}.Debug|Any CPU.Build.0 = Debug|Any CPU
		{BF3D4FBD-5BC1-4B28-A484-0240DD465C2F}.Release|Any CPU.ActiveCfg = Release|Any CPU
		{BF3D4FBD-5BC1-4B28-A484-0240DD465C2F}.Release|Any CPU.Build.0 = Release|Any CPU
		{A386D68A-5E60-4DFF-9A89-B843A8FD0085}.Debug|Any CPU.ActiveCfg = Debug|Any CPU
		{A386D68A-5E60-4DFF-9A89-B843A8FD0085}.Debug|Any CPU.Build.0 = Debug|Any CPU
		{A386D68A-5E60-4DFF-9A89-B843A8FD0085}.Release|Any CPU.ActiveCfg = Release|Any CPU
		{A386D68A-5E60-4DFF-9A89-B843A8FD0085}.Release|Any CPU.Build.0 = Release|Any CPU
		{936CB93B-680D-45D3-B2B2-C1F087C93309}.Debug|Any CPU.ActiveCfg = Debug|Any CPU
		{936CB93B-680D-45D3-B2B2-C1F087C93309}.Debug|Any CPU.Build.0 = Debug|Any CPU
		{936CB93B-680D-45D3-B2B2-C1F087C93309}.Release|Any CPU.ActiveCfg = Release|Any CPU
		{936CB93B-680D-45D3-B2B2-C1F087C93309}.Release|Any CPU.Build.0 = Release|Any CPU
		{CC71CB64-D55C-4BED-8599-5073F43C479A}.Debug|Any CPU.ActiveCfg = Debug|Any CPU
		{CC71CB64-D55C-4BED-8599-5073F43C479A}.Debug|Any CPU.Build.0 = Debug|Any CPU
		{CC71CB64-D55C-4BED-8599-5073F43C479A}.Release|Any CPU.ActiveCfg = Release|Any CPU
		{CC71CB64-D55C-4BED-8599-5073F43C479A}.Release|Any CPU.Build.0 = Release|Any CPU
		{986F2626-B30E-443C-A5FE-99D12702C99F}.Debug|Any CPU.ActiveCfg = Debug|Any CPU
		{986F2626-B30E-443C-A5FE-99D12702C99F}.Debug|Any CPU.Build.0 = Debug|Any CPU
		{986F2626-B30E-443C-A5FE-99D12702C99F}.Release|Any CPU.ActiveCfg = Release|Any CPU
		{986F2626-B30E-443C-A5FE-99D12702C99F}.Release|Any CPU.Build.0 = Release|Any CPU
	EndGlobalSection
	GlobalSection(SolutionProperties) = preSolution
		HideSolutionNode = FALSE
	EndGlobalSection
	GlobalSection(NestedProjects) = preSolution
		{B64BE2B6-DCC7-427C-B804-7A0B3AB559DE} = {A8B06B6A-ACAC-49D7-A658-9E019B6DE3AE}
		{7A64A56D-4FE2-49B2-9A39-9DE5202EC072} = {A8B06B6A-ACAC-49D7-A658-9E019B6DE3AE}
		{BF3D4FBD-5BC1-4B28-A484-0240DD465C2F} = {A8B06B6A-ACAC-49D7-A658-9E019B6DE3AE}
		{A386D68A-5E60-4DFF-9A89-B843A8FD0085} = {AB66CDF5-7A91-4B92-AF92-E65AECF3C6D5}
		{936CB93B-680D-45D3-B2B2-C1F087C93309} = {AB66CDF5-7A91-4B92-AF92-E65AECF3C6D5}
		{CC71CB64-D55C-4BED-8599-5073F43C479A} = {AB66CDF5-7A91-4B92-AF92-E65AECF3C6D5}
		{986F2626-B30E-443C-A5FE-99D12702C99F} = {AB66CDF5-7A91-4B92-AF92-E65AECF3C6D5}
	EndGlobalSection
EndGlobal
