{
  "version": 1,
  "dependencies": {
    "net10.0": {
      "JYPPX.DeploySharp.Backend.OnnxRuntime": {
        "type": "Direct",
        "requested": "[2.0.0-alpha.1, )",
        "resolved": "2.0.0-alpha.1",
        "contentHash": "GEPXMv6UkmQhtl3K01gkb3bjc1xUhRn8fabXmqOU2HFyjO8WkDnPtRlF3XkXQXWqxRLN2K8qYayUYzIhPiyWBQ==",
        "dependencies": {
          "JYPPX.DeploySharp.Core": "2.0.0-alpha.1",
          "Microsoft.ML.OnnxRuntime.Managed": "1.28.0"
        }
      },
      "JYPPX.DeploySharp.Visual": {
        "type": "Direct",
        "requested": "[2.0.0-alpha.1, )",
        "resolved": "2.0.0-alpha.1",
        "contentHash": "Ye00krb8rSqN0N9dX8bz9L4hfqiqQAwlc6bJ/QjQ/8lW9ILkNUpOhITpCi0tdJ843Ub+TrHIYdHiaGDuhyfdjQ==",
        "dependencies": {
          "JYPPX.DeploySharp.Core": "2.0.0-alpha.1"
        }
      },
      "JYPPX.DeploySharp.Visual.OpenCV": {
        "type": "Direct",
        "requested": "[2.0.0-alpha.1, )",
        "resolved": "2.0.0-alpha.1",
        "contentHash": "a+DYGo8axmPk2+nDQ/jogIsmBTm9WX85zza7dG112hNvr14Nz8CghK2AW5Hg0PIoJ03HPih2uQDafDtn/50+lg==",
        "dependencies": {
          "JYPPX.DeploySharp.Visual": "2.0.0-alpha.1",
          "JYPPX.OpenCV.CSharp.API": "5.0.0-preview.1"
        }
      },
      "JYPPX.OpenCV.runtime.win-x64": {
        "type": "Direct",
        "requested": "[5.0.0-preview.1, )",
        "resolved": "5.0.0-preview.1",
        "contentHash": "2I4TcBgId4eo1bZbaMZwJ0KYsiQOJVnBwFoTnN5xanqpUi8DO1aVXGW2Koe0uH1B/l7g1FHARsabaVQum4IH4g=="
      },
      "Microsoft.ML.OnnxRuntime": {
        "type": "Direct",
        "requested": "[1.28.0, )",
        "resolved": "1.28.0",
        "contentHash": "xpguSCrXBe5E1l1088S7UqnI36EHaTL6CJMHEhwfGBoSwyPH5Q/IkbkBBk/GwXWzsVyEXpQm42ZimSAQs0/zKA==",
        "dependencies": {
          "Microsoft.ML.OnnxRuntime.Managed": "1.28.0"
        }
      },
      "JYPPX.DeploySharp.Core": {
        "type": "Transitive",
        "resolved": "2.0.0-alpha.1",
        "contentHash": "8XYr0x9pFtPwO7/sC2eZLWD+vBv9LNq2gK4UN21TuYnFs4NuGxZET2/8a/km64byZFYNXiidS8Rle767fo2FFw=="
      },
      "JYPPX.OpenCV.CSharp.API": {
        "type": "Transitive",
        "resolved": "5.0.0-preview.1",
        "contentHash": "ZXO9o02RI5PwYLlUukg4dgLrxdQn9unXCPx0MOg0jOtziHJIAYaJkoNfHL7aih6qO0++jt1zYLvWFQgedlTTkw=="
      },
      "Microsoft.ML.OnnxRuntime.Managed": {
        "type": "Transitive",
        "resolved": "1.28.0",
        "contentHash": "4ecKjwASHhAZXczK/xm5KU6MdvoIGfMd23UAwDbM9vfcfgqZgNqvFWPZPT0Elc1wu5vXWs2Kij1ZBmHCcv1UlA==",
        "dependencies": {
          "System.Numerics.Tensors": "9.0.0"
        }
      },
      "System.Numerics.Tensors": {
        "type": "Transitive",
        "resolved": "9.0.0",
        "contentHash": "hyJB4UlpAi19Xr9AXzu2NuagKC4lPfHObNMEAA0HmqFz2rX7wKgzeYzO/jM/eBHDhnUGFFEjk5cOoJaxqg5J4A=="
      }
    }
  }
}