{
  "version": 1,
  "dependencies": {
    "net10.0": {
      "JYPPX.DeploySharp.Backend.OnnxRuntime": {
        "type": "Direct",
        "requested": "[2.0.0-alpha.1, )",
        "resolved": "2.0.0-alpha.1",
        "contentHash": "GEPXMv6UkmQhtl3K01gkb3bjc1xUhRn8fabXmqOU2HFyjO8WkDnPtRlF3XkXQXWqxRLN2K8qYayUYzIhPiyWBQ==",
        "dependencies": {
          "JYPPX.DeploySharp.Core": "2.0.0-alpha.1",
          "Microsoft.ML.OnnxRuntime.Managed": "1.28.0"
        }
      },
      "JYPPX.DeploySharp.Visual": {
        "type": "Direct",
        "requested": "[2.0.0-alpha.1, )",
        "resolved": "2.0.0-alpha.1",
        "contentHash": "aBTELlD8QrMieW54I2+xKH8sxcZGSYneWSPfBPgnNs/cF52FAkiFDkchDUMLQo8LAdRD5YgS8DTwhaQ2/nJ97w==",
        "dependencies": {
          "JYPPX.DeploySharp.Core": "2.0.0-alpha.1"
        }
      },
      "Microsoft.ML.OnnxRuntime": {
        "type": "Direct",
        "requested": "[1.28.0, )",
        "resolved": "1.28.0",
        "contentHash": "xpguSCrXBe5E1l1088S7UqnI36EHaTL6CJMHEhwfGBoSwyPH5Q/IkbkBBk/GwXWzsVyEXpQm42ZimSAQs0/zKA==",
        "dependencies": {
          "Microsoft.ML.OnnxRuntime.Managed": "1.28.0"
        }
      },
      "JYPPX.DeploySharp.Core": {
        "type": "Transitive",
        "resolved": "2.0.0-alpha.1",
        "contentHash": "8XYr0x9pFtPwO7/sC2eZLWD+vBv9LNq2gK4UN21TuYnFs4NuGxZET2/8a/km64byZFYNXiidS8Rle767fo2FFw=="
      },
      "Microsoft.ML.OnnxRuntime.Managed": {
        "type": "Transitive",
        "resolved": "1.28.0",
        "contentHash": "4ecKjwASHhAZXczK/xm5KU6MdvoIGfMd23UAwDbM9vfcfgqZgNqvFWPZPT0Elc1wu5vXWs2Kij1ZBmHCcv1UlA==",
        "dependencies": {
          "System.Numerics.Tensors": "9.0.0"
        }
      },
      "System.Numerics.Tensors": {
        "type": "Transitive",
        "resolved": "9.0.0",
        "contentHash": "hyJB4UlpAi19Xr9AXzu2NuagKC4lPfHObNMEAA0HmqFz2rX7wKgzeYzO/jM/eBHDhnUGFFEjk5cOoJaxqg5J4A=="
      }
    }
  }
}