{
  "version": 1,
  "dependencies": {
    "net10.0": {
      "JYPPX.DeploySharp.Backend.OnnxRuntime": {
        "type": "Direct",
        "requested": "[2.0.0-alpha.1, )",
        "resolved": "2.0.0-alpha.1",
        "contentHash": "jlEinLtTggVGFKuMGeJP95aZgA8U0JdHPKxVRAclFvuVtyYUwqJ6oJ17HBL1zaB7cpqOZVaogFEnPv03cxwMhg==",
        "dependencies": {
          "JYPPX.DeploySharp.Core": "2.0.0-alpha.1",
          "Microsoft.ML.OnnxRuntime.Managed": "1.28.0"
        }
      },
      "JYPPX.DeploySharp.Core": {
        "type": "Direct",
        "requested": "[2.0.0-alpha.1, )",
        "resolved": "2.0.0-alpha.1",
        "contentHash": "2svjIRVvufIx55EF6ZchaToH2sQoMwsIZS40PEBirvyfnd97HHRvj+KtOsjQSLYb1n5DXhh2dREaP13OuFshSA=="
      },
      "JYPPX.DeploySharp.Visual": {
        "type": "Direct",
        "requested": "[2.0.0-alpha.1, )",
        "resolved": "2.0.0-alpha.1",
        "contentHash": "kd58JILQawCeV5oSG1IZSdAy7UchaofxKillBU/R5nYm4NX6FuLl27dvRj9hQc/KBK7Zt18aDv4ARv9m0xYtWA==",
        "dependencies": {
          "JYPPX.DeploySharp.Core": "2.0.0-alpha.1"
        }
      },
      "JYPPX.DeploySharp.Visual.OpenCV": {
        "type": "Direct",
        "requested": "[2.0.0-alpha.1, )",
        "resolved": "2.0.0-alpha.1",
        "contentHash": "8S5SC9AwPiVDP8gxiXRn9oXxvp7i1reVDxPDm4eAphHuIiBC6FUqtF7IDHHJV9zZoOs+B9EVyaT2r/5+p5cQew==",
        "dependencies": {
          "JYPPX.DeploySharp.Visual": "2.0.0-alpha.1",
          "JYPPX.OpenCV.CSharp.API": "5.0.0-preview.1"
        }
      },
      "JYPPX.OpenCV.runtime.win-x64": {
        "type": "Direct",
        "requested": "[5.0.0-preview.1, )",
        "resolved": "5.0.0-preview.1",
        "contentHash": "D9mgLHo8OQQKM2ZbRF8+6AUzT+iX9N/PwVwvLnaKq2mGvPHqfjerTZcM94qNYWIwTazK9qbvq+Y/Uf47HV0qQg=="
      },
      "Microsoft.ML.OnnxRuntime": {
        "type": "Direct",
        "requested": "[1.28.0, )",
        "resolved": "1.28.0",
        "contentHash": "J2D5+bIJ6QixcIfnjDG2GcXv80PoIKL0EKABjHEKKCPZmF2oBKkOF53DolGq/dTrE2kyLv12Yhc37NvQuqBhqA==",
        "dependencies": {
          "Microsoft.ML.OnnxRuntime.Managed": "1.28.0"
        }
      },
      "JYPPX.OpenCV.CSharp.API": {
        "type": "Transitive",
        "resolved": "5.0.0-preview.1",
        "contentHash": "I4xPPJAgCUPcdRxNwyt0aM1mNJ6q+W/k0oC4O8cyZKYk4zRJ5nU2Ni2qwk74l/G4adQ2WvqtlA6YeU31G8vR7g=="
      },
      "Microsoft.ML.OnnxRuntime.Managed": {
        "type": "Transitive",
        "resolved": "1.28.0",
        "contentHash": "AlMFEWcFBVc8x6Gl/NBewK2MFTSY/pOT0SxBMIEbPhtxRcPNicRonSLepnWrkEjvOA+iYL7Mn64DUxxEMVSVdw==",
        "dependencies": {
          "System.Numerics.Tensors": "9.0.0"
        }
      },
      "System.Numerics.Tensors": {
        "type": "Transitive",
        "resolved": "9.0.0",
        "contentHash": "iGExaDuWc1j+ogTZeKpPz2Q1hyB05KJm1fKCk4hUwCb+J/uvtdaS2OSNLjYVcpxC1wA+eG0QrSRda7hDjwwenQ=="
      }
    }
  }
}