{
  "version": 2,
  "dependencies": {
    "net8.0": {
      "JYPPX.TensorRT.CSharp.API": {
        "type": "Direct",
        "requested": "[4.0.0, )",
        "resolved": "4.0.0",
        "contentHash": "jJeYAI80eoneM1uqQrxeCtxf0OaxbHwG6jnSXAa1Bz3AQunsyPWWNPIEQs4M8lu5E8hjgzQ1hy6nJU3ktjYrow=="
      },
      "JYPPX.DeploySharp.Core": {
        "type": "Project"
      }
    }
  }
}