
Microsoft Visual Studio Solution File, Format Version 12.00
# Visual Studio Version 17
VisualStudioVersion = 17.0.31903.59
MinimumVisualStudioVersion = 10.0.40219.1
Project("{2150E333-8FDC-42A3-9474-1A3956D46DE8}") = "src", "src", "{827E0CD3-B72D-47B6-A68D-7590B98EB39B}"
EndProject
Project("{FAE04EC0-301F-11D3-BF4B-00C04F79EFBC}") = "DeploySharpApp.Application", "src\DeploySharpApp.Application\DeploySharpApp.Application.csproj", "{837290D5-391E-49C8-86C5-6DDFDB1F4F2E}"
EndProject
Project("{FAE04EC0-301F-11D3-BF4B-00C04F79EFBC}") = "DeploySharpApp.Contracts", "src\DeploySharpApp.Contracts\DeploySharpApp.Contracts.csproj", "{B86724F5-3A18-4BBF-82D5-60988897E44F}"
EndProject
Project("{FAE04EC0-301F-11D3-BF4B-00C04F79EFBC}") = "DeploySharpApp.Plugin.Abstractions", "src\DeploySharpApp.Plugin.Abstractions\DeploySharpApp.Plugin.Abstractions.csproj", "{579F3A36-E077-476F-9780-F2C6DFDF2DC1}"
EndProject
Project("{FAE04EC0-301F-11D3-BF4B-00C04F79EFBC}") = "DeploySharpApp.BackendHost", "src\DeploySharpApp.BackendHost\DeploySharpApp.BackendHost.csproj", "{DF1DE35B-9311-4E3E-9AAA-98946D1D6AAC}"
EndProject
Project("{FAE04EC0-301F-11D3-BF4B-00C04F79EFBC}") = "DeploySharpApp.BackendHost.Protocol", "src\DeploySharpApp.BackendHost.Protocol\DeploySharpApp.BackendHost.Protocol.csproj", "{385D5F62-0B5A-4A65-A443-F5A976EDE731}"
EndProject
Project("{FAE04EC0-301F-11D3-BF4B-00C04F79EFBC}") = "DeploySharpApp.Desktop.Net10", "src\DeploySharpApp.Desktop.Net10\DeploySharpApp.Desktop.Net10.csproj", "{27E45490-4741-4B51-AEC4-63B4D344C859}"
EndProject
Project("{FAE04EC0-301F-11D3-BF4B-00C04F79EFBC}") = "DeploySharpApp.Infrastructure", "src\DeploySharpApp.Infrastructure\DeploySharpApp.Infrastructure.csproj", "{C49C9489-ABA0-4C61-A71F-443CA1825FA8}"
EndProject
Project("{FAE04EC0-301F-11D3-BF4B-00C04F79EFBC}") = "DeploySharpApp.Engine", "src\DeploySharpApp.Engine\DeploySharpApp.Engine.csproj", "{D95A49BA-E824-40F7-83D2-D1E41465D47C}"
EndProject
Project("{FAE04EC0-301F-11D3-BF4B-00C04F79EFBC}") = "DeploySharpApp.Desktop.Net48", "src\DeploySharpApp.Desktop.Net48\DeploySharpApp.Desktop.Net48.csproj", "{187148C6-B94B-45FD-ADB2-42F5315881CB}"
EndProject
Project("{FAE04EC0-301F-11D3-BF4B-00C04F79EFBC}") = "DeploySharpApp.Web", "src\DeploySharpApp.Web\DeploySharpApp.Web.csproj", "{7A69C517-4526-4A06-837D-6907A99AA21B}"
EndProject
Project("{2150E333-8FDC-42A3-9474-1A3956D46DE8}") = "tests", "tests", "{0AB3BF05-4346-4AA6-1389-037BE0695223}"
EndProject
Project("{FAE04EC0-301F-11D3-BF4B-00C04F79EFBC}") = "DeploySharpApp.Application.Tests", "tests\DeploySharpApp.Application.Tests\DeploySharpApp.Application.Tests.csproj", "{04E630D1-109E-412C-B760-E0170EB334F2}"
EndProject
Project("{FAE04EC0-301F-11D3-BF4B-00C04F79EFBC}") = "DeploySharpApp.Contracts.Tests", "tests\DeploySharpApp.Contracts.Tests\DeploySharpApp.Contracts.Tests.csproj", "{B43CBACC-CB89-40D2-9D08-D00873BA4467}"
EndProject
Project("{FAE04EC0-301F-11D3-BF4B-00C04F79EFBC}") = "DeploySharpApp.Plugin.Tests", "tests\DeploySharpApp.Plugin.Tests\DeploySharpApp.Plugin.Tests.csproj", "{154FBFD7-923D-4E82-88DD-A5B5C6259D01}"
EndProject
Project("{FAE04EC0-301F-11D3-BF4B-00C04F79EFBC}") = "DeploySharpApp.Protocol.Tests", "tests\DeploySharpApp.Protocol.Tests\DeploySharpApp.Protocol.Tests.csproj", "{86879D90-30B0-4167-8C91-B9B725FC62A7}"
EndProject
Project("{FAE04EC0-301F-11D3-BF4B-00C04F79EFBC}") = "DeploySharpApp.Engine.Tests", "tests\DeploySharpApp.Engine.Tests\DeploySharpApp.Engine.Tests.csproj", "{0E206560-45E9-4D1E-9804-9B98AB46BE12}"
EndProject
Global
	GlobalSection(SolutionConfigurationPlatforms) = preSolution
		Debug|Any CPU = Debug|Any CPU
		Debug|x64 = Debug|x64
		Debug|x86 = Debug|x86
		Release|Any CPU = Release|Any CPU
		Release|x64 = Release|x64
		Release|x86 = Release|x86
	EndGlobalSection
	GlobalSection(ProjectConfigurationPlatforms) = postSolution
		{837290D5-391E-49C8-86C5-6DDFDB1F4F2E}.Debug|Any CPU.ActiveCfg = Debug|Any CPU
		{837290D5-391E-49C8-86C5-6DDFDB1F4F2E}.Debug|Any CPU.Build.0 = Debug|Any CPU
		{837290D5-391E-49C8-86C5-6DDFDB1F4F2E}.Debug|x64.ActiveCfg = Debug|Any CPU
		{837290D5-391E-49C8-86C5-6DDFDB1F4F2E}.Debug|x64.Build.0 = Debug|Any CPU
		{837290D5-391E-49C8-86C5-6DDFDB1F4F2E}.Debug|x86.ActiveCfg = Debug|Any CPU
		{837290D5-391E-49C8-86C5-6DDFDB1F4F2E}.Debug|x86.Build.0 = Debug|Any CPU
		{837290D5-391E-49C8-86C5-6DDFDB1F4F2E}.Release|Any CPU.ActiveCfg = Release|Any CPU
		{837290D5-391E-49C8-86C5-6DDFDB1F4F2E}.Release|Any CPU.Build.0 = Release|Any CPU
		{837290D5-391E-49C8-86C5-6DDFDB1F4F2E}.Release|x64.ActiveCfg = Release|Any CPU
		{837290D5-391E-49C8-86C5-6DDFDB1F4F2E}.Release|x64.Build.0 = Release|Any CPU
		{837290D5-391E-49C8-86C5-6DDFDB1F4F2E}.Release|x86.ActiveCfg = Release|Any CPU
		{837290D5-391E-49C8-86C5-6DDFDB1F4F2E}.Release|x86.Build.0 = Release|Any CPU
		{B86724F5-3A18-4BBF-82D5-60988897E44F}.Debug|Any CPU.ActiveCfg = Debug|Any CPU
		{B86724F5-3A18-4BBF-82D5-60988897E44F}.Debug|Any CPU.Build.0 = Debug|Any CPU
		{B86724F5-3A18-4BBF-82D5-60988897E44F}.Debug|x64.ActiveCfg = Debug|Any CPU
		{B86724F5-3A18-4BBF-82D5-60988897E44F}.Debug|x64.Build.0 = Debug|Any CPU
		{B86724F5-3A18-4BBF-82D5-60988897E44F}.Debug|x86.ActiveCfg = Debug|Any CPU
		{B86724F5-3A18-4BBF-82D5-60988897E44F}.Debug|x86.Build.0 = Debug|Any CPU
		{B86724F5-3A18-4BBF-82D5-60988897E44F}.Release|Any CPU.ActiveCfg = Release|Any CPU
		{B86724F5-3A18-4BBF-82D5-60988897E44F}.Release|Any CPU.Build.0 = Release|Any CPU
		{B86724F5-3A18-4BBF-82D5-60988897E44F}.Release|x64.ActiveCfg = Release|Any CPU
		{B86724F5-3A18-4BBF-82D5-60988897E44F}.Release|x64.Build.0 = Release|Any CPU
		{B86724F5-3A18-4BBF-82D5-60988897E44F}.Release|x86.ActiveCfg = Release|Any CPU
		{B86724F5-3A18-4BBF-82D5-60988897E44F}.Release|x86.Build.0 = Release|Any CPU
		{579F3A36-E077-476F-9780-F2C6DFDF2DC1}.Debug|Any CPU.ActiveCfg = Debug|Any CPU
		{579F3A36-E077-476F-9780-F2C6DFDF2DC1}.Debug|Any CPU.Build.0 = Debug|Any CPU
		{579F3A36-E077-476F-9780-F2C6DFDF2DC1}.Debug|x64.ActiveCfg = Debug|Any CPU
		{579F3A36-E077-476F-9780-F2C6DFDF2DC1}.Debug|x64.Build.0 = Debug|Any CPU
		{579F3A36-E077-476F-9780-F2C6DFDF2DC1}.Debug|x86.ActiveCfg = Debug|Any CPU
		{579F3A36-E077-476F-9780-F2C6DFDF2DC1}.Debug|x86.Build.0 = Debug|Any CPU
		{579F3A36-E077-476F-9780-F2C6DFDF2DC1}.Release|Any CPU.ActiveCfg = Release|Any CPU
		{579F3A36-E077-476F-9780-F2C6DFDF2DC1}.Release|Any CPU.Build.0 = Release|Any CPU
		{579F3A36-E077-476F-9780-F2C6DFDF2DC1}.Release|x64.ActiveCfg = Release|Any CPU
		{579F3A36-E077-476F-9780-F2C6DFDF2DC1}.Release|x64.Build.0 = Release|Any CPU
		{579F3A36-E077-476F-9780-F2C6DFDF2DC1}.Release|x86.ActiveCfg = Release|Any CPU
		{579F3A36-E077-476F-9780-F2C6DFDF2DC1}.Release|x86.Build.0 = Release|Any CPU
		{DF1DE35B-9311-4E3E-9AAA-98946D1D6AAC}.Debug|Any CPU.ActiveCfg = Debug|Any CPU
		{DF1DE35B-9311-4E3E-9AAA-98946D1D6AAC}.Debug|Any CPU.Build.0 = Debug|Any CPU
		{DF1DE35B-9311-4E3E-9AAA-98946D1D6AAC}.Debug|x64.ActiveCfg = Debug|Any CPU
		{DF1DE35B-9311-4E3E-9AAA-98946D1D6AAC}.Debug|x64.Build.0 = Debug|Any CPU
		{DF1DE35B-9311-4E3E-9AAA-98946D1D6AAC}.Debug|x86.ActiveCfg = Debug|Any CPU
		{DF1DE35B-9311-4E3E-9AAA-98946D1D6AAC}.Debug|x86.Build.0 = Debug|Any CPU
		{DF1DE35B-9311-4E3E-9AAA-98946D1D6AAC}.Release|Any CPU.ActiveCfg = Release|Any CPU
		{DF1DE35B-9311-4E3E-9AAA-98946D1D6AAC}.Release|Any CPU.Build.0 = Release|Any CPU
		{DF1DE35B-9311-4E3E-9AAA-98946D1D6AAC}.Release|x64.ActiveCfg = Release|Any CPU
		{DF1DE35B-9311-4E3E-9AAA-98946D1D6AAC}.Release|x64.Build.0 = Release|Any CPU
		{DF1DE35B-9311-4E3E-9AAA-98946D1D6AAC}.Release|x86.ActiveCfg = Release|Any CPU
		{DF1DE35B-9311-4E3E-9AAA-98946D1D6AAC}.Release|x86.Build.0 = Release|Any CPU
		{385D5F62-0B5A-4A65-A443-F5A976EDE731}.Debug|Any CPU.ActiveCfg = Debug|Any CPU
		{385D5F62-0B5A-4A65-A443-F5A976EDE731}.Debug|Any CPU.Build.0 = Debug|Any CPU
		{385D5F62-0B5A-4A65-A443-F5A976EDE731}.Debug|x64.ActiveCfg = Debug|Any CPU
		{385D5F62-0B5A-4A65-A443-F5A976EDE731}.Debug|x64.Build.0 = Debug|Any CPU
		{385D5F62-0B5A-4A65-A443-F5A976EDE731}.Debug|x86.ActiveCfg = Debug|Any CPU
		{385D5F62-0B5A-4A65-A443-F5A976EDE731}.Debug|x86.Build.0 = Debug|Any CPU
		{385D5F62-0B5A-4A65-A443-F5A976EDE731}.Release|Any CPU.ActiveCfg = Release|Any CPU
		{385D5F62-0B5A-4A65-A443-F5A976EDE731}.Release|Any CPU.Build.0 = Release|Any CPU
		{385D5F62-0B5A-4A65-A443-F5A976EDE731}.Release|x64.ActiveCfg = Release|Any CPU
		{385D5F62-0B5A-4A65-A443-F5A976EDE731}.Release|x64.Build.0 = Release|Any CPU
		{385D5F62-0B5A-4A65-A443-F5A976EDE731}.Release|x86.ActiveCfg = Release|Any CPU
		{385D5F62-0B5A-4A65-A443-F5A976EDE731}.Release|x86.Build.0 = Release|Any CPU
		{27E45490-4741-4B51-AEC4-63B4D344C859}.Debug|Any CPU.ActiveCfg = Debug|Any CPU
		{27E45490-4741-4B51-AEC4-63B4D344C859}.Debug|Any CPU.Build.0 = Debug|Any CPU
		{27E45490-4741-4B51-AEC4-63B4D344C859}.Debug|x64.ActiveCfg = Debug|Any CPU
		{27E45490-4741-4B51-AEC4-63B4D344C859}.Debug|x64.Build.0 = Debug|Any CPU
		{27E45490-4741-4B51-AEC4-63B4D344C859}.Debug|x86.ActiveCfg = Debug|Any CPU
		{27E45490-4741-4B51-AEC4-63B4D344C859}.Debug|x86.Build.0 = Debug|Any CPU
		{27E45490-4741-4B51-AEC4-63B4D344C859}.Release|Any CPU.ActiveCfg = Release|Any CPU
		{27E45490-4741-4B51-AEC4-63B4D344C859}.Release|Any CPU.Build.0 = Release|Any CPU
		{27E45490-4741-4B51-AEC4-63B4D344C859}.Release|x64.ActiveCfg = Release|Any CPU
		{27E45490-4741-4B51-AEC4-63B4D344C859}.Release|x64.Build.0 = Release|Any CPU
		{27E45490-4741-4B51-AEC4-63B4D344C859}.Release|x86.ActiveCfg = Release|Any CPU
		{27E45490-4741-4B51-AEC4-63B4D344C859}.Release|x86.Build.0 = Release|Any CPU
		{C49C9489-ABA0-4C61-A71F-443CA1825FA8}.Debug|Any CPU.ActiveCfg = Debug|Any CPU
		{C49C9489-ABA0-4C61-A71F-443CA1825FA8}.Debug|Any CPU.Build.0 = Debug|Any CPU
		{C49C9489-ABA0-4C61-A71F-443CA1825FA8}.Debug|x64.ActiveCfg = Debug|Any CPU
		{C49C9489-ABA0-4C61-A71F-443CA1825FA8}.Debug|x64.Build.0 = Debug|Any CPU
		{C49C9489-ABA0-4C61-A71F-443CA1825FA8}.Debug|x86.ActiveCfg = Debug|Any CPU
		{C49C9489-ABA0-4C61-A71F-443CA1825FA8}.Debug|x86.Build.0 = Debug|Any CPU
		{C49C9489-ABA0-4C61-A71F-443CA1825FA8}.Release|Any CPU.ActiveCfg = Release|Any CPU
		{C49C9489-ABA0-4C61-A71F-443CA1825FA8}.Release|Any CPU.Build.0 = Release|Any CPU
		{C49C9489-ABA0-4C61-A71F-443CA1825FA8}.Release|x64.ActiveCfg = Release|Any CPU
		{C49C9489-ABA0-4C61-A71F-443CA1825FA8}.Release|x64.Build.0 = Release|Any CPU
		{C49C9489-ABA0-4C61-A71F-443CA1825FA8}.Release|x86.ActiveCfg = Release|Any CPU
		{C49C9489-ABA0-4C61-A71F-443CA1825FA8}.Release|x86.Build.0 = Release|Any CPU
		{D95A49BA-E824-40F7-83D2-D1E41465D47C}.Debug|Any CPU.ActiveCfg = Debug|Any CPU
		{D95A49BA-E824-40F7-83D2-D1E41465D47C}.Debug|Any CPU.Build.0 = Debug|Any CPU
		{D95A49BA-E824-40F7-83D2-D1E41465D47C}.Debug|x64.ActiveCfg = Debug|Any CPU
		{D95A49BA-E824-40F7-83D2-D1E41465D47C}.Debug|x64.Build.0 = Debug|Any CPU
		{D95A49BA-E824-40F7-83D2-D1E41465D47C}.Debug|x86.ActiveCfg = Debug|Any CPU
		{D95A49BA-E824-40F7-83D2-D1E41465D47C}.Debug|x86.Build.0 = Debug|Any CPU
		{D95A49BA-E824-40F7-83D2-D1E41465D47C}.Release|Any CPU.ActiveCfg = Release|Any CPU
		{D95A49BA-E824-40F7-83D2-D1E41465D47C}.Release|Any CPU.Build.0 = Release|Any CPU
		{D95A49BA-E824-40F7-83D2-D1E41465D47C}.Release|x64.ActiveCfg = Release|Any CPU
		{D95A49BA-E824-40F7-83D2-D1E41465D47C}.Release|x64.Build.0 = Release|Any CPU
		{D95A49BA-E824-40F7-83D2-D1E41465D47C}.Release|x86.ActiveCfg = Release|Any CPU
		{D95A49BA-E824-40F7-83D2-D1E41465D47C}.Release|x86.Build.0 = Release|Any CPU
		{187148C6-B94B-45FD-ADB2-42F5315881CB}.Debug|Any CPU.ActiveCfg = Debug|Any CPU
		{187148C6-B94B-45FD-ADB2-42F5315881CB}.Debug|Any CPU.Build.0 = Debug|Any CPU
		{187148C6-B94B-45FD-ADB2-42F5315881CB}.Debug|x64.ActiveCfg = Debug|Any CPU
		{187148C6-B94B-45FD-ADB2-42F5315881CB}.Debug|x64.Build.0 = Debug|Any CPU
		{187148C6-B94B-45FD-ADB2-42F5315881CB}.Debug|x86.ActiveCfg = Debug|Any CPU
		{187148C6-B94B-45FD-ADB2-42F5315881CB}.Debug|x86.Build.0 = Debug|Any CPU
		{187148C6-B94B-45FD-ADB2-42F5315881CB}.Release|Any CPU.ActiveCfg = Release|Any CPU
		{187148C6-B94B-45FD-ADB2-42F5315881CB}.Release|Any CPU.Build.0 = Release|Any CPU
		{187148C6-B94B-45FD-ADB2-42F5315881CB}.Release|x64.ActiveCfg = Release|Any CPU
		{187148C6-B94B-45FD-ADB2-42F5315881CB}.Release|x64.Build.0 = Release|Any CPU
		{187148C6-B94B-45FD-ADB2-42F5315881CB}.Release|x86.ActiveCfg = Release|Any CPU
		{187148C6-B94B-45FD-ADB2-42F5315881CB}.Release|x86.Build.0 = Release|Any CPU
		{7A69C517-4526-4A06-837D-6907A99AA21B}.Debug|Any CPU.ActiveCfg = Debug|Any CPU
		{7A69C517-4526-4A06-837D-6907A99AA21B}.Debug|Any CPU.Build.0 = Debug|Any CPU
		{7A69C517-4526-4A06-837D-6907A99AA21B}.Debug|x64.ActiveCfg = Debug|Any CPU
		{7A69C517-4526-4A06-837D-6907A99AA21B}.Debug|x64.Build.0 = Debug|Any CPU
		{7A69C517-4526-4A06-837D-6907A99AA21B}.Debug|x86.ActiveCfg = Debug|Any CPU
		{7A69C517-4526-4A06-837D-6907A99AA21B}.Debug|x86.Build.0 = Debug|Any CPU
		{7A69C517-4526-4A06-837D-6907A99AA21B}.Release|Any CPU.ActiveCfg = Release|Any CPU
		{7A69C517-4526-4A06-837D-6907A99AA21B}.Release|Any CPU.Build.0 = Release|Any CPU
		{7A69C517-4526-4A06-837D-6907A99AA21B}.Release|x64.ActiveCfg = Release|Any CPU
		{7A69C517-4526-4A06-837D-6907A99AA21B}.Release|x64.Build.0 = Release|Any CPU
		{7A69C517-4526-4A06-837D-6907A99AA21B}.Release|x86.ActiveCfg = Release|Any CPU
		{7A69C517-4526-4A06-837D-6907A99AA21B}.Release|x86.Build.0 = Release|Any CPU
		{04E630D1-109E-412C-B760-E0170EB334F2}.Debug|Any CPU.ActiveCfg = Debug|Any CPU
		{04E630D1-109E-412C-B760-E0170EB334F2}.Debug|Any CPU.Build.0 = Debug|Any CPU
		{04E630D1-109E-412C-B760-E0170EB334F2}.Debug|x64.ActiveCfg = Debug|Any CPU
		{04E630D1-109E-412C-B760-E0170EB334F2}.Debug|x64.Build.0 = Debug|Any CPU
		{04E630D1-109E-412C-B760-E0170EB334F2}.Debug|x86.ActiveCfg = Debug|Any CPU
		{04E630D1-109E-412C-B760-E0170EB334F2}.Debug|x86.Build.0 = Debug|Any CPU
		{04E630D1-109E-412C-B760-E0170EB334F2}.Release|Any CPU.ActiveCfg = Release|Any CPU
		{04E630D1-109E-412C-B760-E0170EB334F2}.Release|Any CPU.Build.0 = Release|Any CPU
		{04E630D1-109E-412C-B760-E0170EB334F2}.Release|x64.ActiveCfg = Release|Any CPU
		{04E630D1-109E-412C-B760-E0170EB334F2}.Release|x64.Build.0 = Release|Any CPU
		{04E630D1-109E-412C-B760-E0170EB334F2}.Release|x86.ActiveCfg = Release|Any CPU
		{04E630D1-109E-412C-B760-E0170EB334F2}.Release|x86.Build.0 = Release|Any CPU
		{B43CBACC-CB89-40D2-9D08-D00873BA4467}.Debug|Any CPU.ActiveCfg = Debug|Any CPU
		{B43CBACC-CB89-40D2-9D08-D00873BA4467}.Debug|Any CPU.Build.0 = Debug|Any CPU
		{B43CBACC-CB89-40D2-9D08-D00873BA4467}.Debug|x64.ActiveCfg = Debug|Any CPU
		{B43CBACC-CB89-40D2-9D08-D00873BA4467}.Debug|x64.Build.0 = Debug|Any CPU
		{B43CBACC-CB89-40D2-9D08-D00873BA4467}.Debug|x86.ActiveCfg = Debug|Any CPU
		{B43CBACC-CB89-40D2-9D08-D00873BA4467}.Debug|x86.Build.0 = Debug|Any CPU
		{B43CBACC-CB89-40D2-9D08-D00873BA4467}.Release|Any CPU.ActiveCfg = Release|Any CPU
		{B43CBACC-CB89-40D2-9D08-D00873BA4467}.Release|Any CPU.Build.0 = Release|Any CPU
		{B43CBACC-CB89-40D2-9D08-D00873BA4467}.Release|x64.ActiveCfg = Release|Any CPU
		{B43CBACC-CB89-40D2-9D08-D00873BA4467}.Release|x64.Build.0 = Release|Any CPU
		{B43CBACC-CB89-40D2-9D08-D00873BA4467}.Release|x86.ActiveCfg = Release|Any CPU
		{B43CBACC-CB89-40D2-9D08-D00873BA4467}.Release|x86.Build.0 = Release|Any CPU
		{154FBFD7-923D-4E82-88DD-A5B5C6259D01}.Debug|Any CPU.ActiveCfg = Debug|Any CPU
		{154FBFD7-923D-4E82-88DD-A5B5C6259D01}.Debug|Any CPU.Build.0 = Debug|Any CPU
		{154FBFD7-923D-4E82-88DD-A5B5C6259D01}.Debug|x64.ActiveCfg = Debug|Any CPU
		{154FBFD7-923D-4E82-88DD-A5B5C6259D01}.Debug|x64.Build.0 = Debug|Any CPU
		{154FBFD7-923D-4E82-88DD-A5B5C6259D01}.Debug|x86.ActiveCfg = Debug|Any CPU
		{154FBFD7-923D-4E82-88DD-A5B5C6259D01}.Debug|x86.Build.0 = Debug|Any CPU
		{154FBFD7-923D-4E82-88DD-A5B5C6259D01}.Release|Any CPU.ActiveCfg = Release|Any CPU
		{154FBFD7-923D-4E82-88DD-A5B5C6259D01}.Release|Any CPU.Build.0 = Release|Any CPU
		{154FBFD7-923D-4E82-88DD-A5B5C6259D01}.Release|x64.ActiveCfg = Release|Any CPU
		{154FBFD7-923D-4E82-88DD-A5B5C6259D01}.Release|x64.Build.0 = Release|Any CPU
		{154FBFD7-923D-4E82-88DD-A5B5C6259D01}.Release|x86.ActiveCfg = Release|Any CPU
		{154FBFD7-923D-4E82-88DD-A5B5C6259D01}.Release|x86.Build.0 = Release|Any CPU
		{86879D90-30B0-4167-8C91-B9B725FC62A7}.Debug|Any CPU.ActiveCfg = Debug|Any CPU
		{86879D90-30B0-4167-8C91-B9B725FC62A7}.Debug|Any CPU.Build.0 = Debug|Any CPU
		{86879D90-30B0-4167-8C91-B9B725FC62A7}.Debug|x64.ActiveCfg = Debug|Any CPU
		{86879D90-30B0-4167-8C91-B9B725FC62A7}.Debug|x64.Build.0 = Debug|Any CPU
		{86879D90-30B0-4167-8C91-B9B725FC62A7}.Debug|x86.ActiveCfg = Debug|Any CPU
		{86879D90-30B0-4167-8C91-B9B725FC62A7}.Debug|x86.Build.0 = Debug|Any CPU
		{86879D90-30B0-4167-8C91-B9B725FC62A7}.Release|Any CPU.ActiveCfg = Release|Any CPU
		{86879D90-30B0-4167-8C91-B9B725FC62A7}.Release|Any CPU.Build.0 = Release|Any CPU
		{86879D90-30B0-4167-8C91-B9B725FC62A7}.Release|x64.ActiveCfg = Release|Any CPU
		{86879D90-30B0-4167-8C91-B9B725FC62A7}.Release|x64.Build.0 = Release|Any CPU
		{86879D90-30B0-4167-8C91-B9B725FC62A7}.Release|x86.ActiveCfg = Release|Any CPU
		{86879D90-30B0-4167-8C91-B9B725FC62A7}.Release|x86.Build.0 = Release|Any CPU
		{0E206560-45E9-4D1E-9804-9B98AB46BE12}.Debug|Any CPU.ActiveCfg = Debug|Any CPU
		{0E206560-45E9-4D1E-9804-9B98AB46BE12}.Debug|Any CPU.Build.0 = Debug|Any CPU
		{0E206560-45E9-4D1E-9804-9B98AB46BE12}.Debug|x64.ActiveCfg = Debug|Any CPU
		{0E206560-45E9-4D1E-9804-9B98AB46BE12}.Debug|x64.Build.0 = Debug|Any CPU
		{0E206560-45E9-4D1E-9804-9B98AB46BE12}.Debug|x86.ActiveCfg = Debug|Any CPU
		{0E206560-45E9-4D1E-9804-9B98AB46BE12}.Debug|x86.Build.0 = Debug|Any CPU
		{0E206560-45E9-4D1E-9804-9B98AB46BE12}.Release|Any CPU.ActiveCfg = Release|Any CPU
		{0E206560-45E9-4D1E-9804-9B98AB46BE12}.Release|Any CPU.Build.0 = Release|Any CPU
		{0E206560-45E9-4D1E-9804-9B98AB46BE12}.Release|x64.ActiveCfg = Release|Any CPU
		{0E206560-45E9-4D1E-9804-9B98AB46BE12}.Release|x64.Build.0 = Release|Any CPU
		{0E206560-45E9-4D1E-9804-9B98AB46BE12}.Release|x86.ActiveCfg = Release|Any CPU
		{0E206560-45E9-4D1E-9804-9B98AB46BE12}.Release|x86.Build.0 = Release|Any CPU
	EndGlobalSection
	GlobalSection(SolutionProperties) = preSolution
		HideSolutionNode = FALSE
	EndGlobalSection
	GlobalSection(NestedProjects) = preSolution
		{837290D5-391E-49C8-86C5-6DDFDB1F4F2E} = {827E0CD3-B72D-47B6-A68D-7590B98EB39B}
		{B86724F5-3A18-4BBF-82D5-60988897E44F} = {827E0CD3-B72D-47B6-A68D-7590B98EB39B}
		{579F3A36-E077-476F-9780-F2C6DFDF2DC1} = {827E0CD3-B72D-47B6-A68D-7590B98EB39B}
		{DF1DE35B-9311-4E3E-9AAA-98946D1D6AAC} = {827E0CD3-B72D-47B6-A68D-7590B98EB39B}
		{385D5F62-0B5A-4A65-A443-F5A976EDE731} = {827E0CD3-B72D-47B6-A68D-7590B98EB39B}
		{27E45490-4741-4B51-AEC4-63B4D344C859} = {827E0CD3-B72D-47B6-A68D-7590B98EB39B}
		{C49C9489-ABA0-4C61-A71F-443CA1825FA8} = {827E0CD3-B72D-47B6-A68D-7590B98EB39B}
		{D95A49BA-E824-40F7-83D2-D1E41465D47C} = {827E0CD3-B72D-47B6-A68D-7590B98EB39B}
		{187148C6-B94B-45FD-ADB2-42F5315881CB} = {827E0CD3-B72D-47B6-A68D-7590B98EB39B}
		{7A69C517-4526-4A06-837D-6907A99AA21B} = {827E0CD3-B72D-47B6-A68D-7590B98EB39B}
		{04E630D1-109E-412C-B760-E0170EB334F2} = {0AB3BF05-4346-4AA6-1389-037BE0695223}
		{B43CBACC-CB89-40D2-9D08-D00873BA4467} = {0AB3BF05-4346-4AA6-1389-037BE0695223}
		{154FBFD7-923D-4E82-88DD-A5B5C6259D01} = {0AB3BF05-4346-4AA6-1389-037BE0695223}
		{86879D90-30B0-4167-8C91-B9B725FC62A7} = {0AB3BF05-4346-4AA6-1389-037BE0695223}
		{0E206560-45E9-4D1E-9804-9B98AB46BE12} = {0AB3BF05-4346-4AA6-1389-037BE0695223}
	EndGlobalSection
EndGlobal
